<?xml version="1.0" encoding="utf-8"?>
<Project ToolsVersion="4.0" xmlns="http://schemas.microsoft.com/developer/msbuild/2003">
  <ItemGroup>
    <Filter Include="Source Files">
      <UniqueIdentifier>{4FC737F1-C7A5-4376-A066-2A32D752A2FF}</UniqueIdentifier>
      <Extensions>cpp;c;cc;cxx;def;odl;idl;hpj;bat;asm;asmx</Extensions>
    </Filter>
    <Filter Include="Header Files">
      <UniqueIdentifier>{93995380-89BD-4b04-88EB-625FBE52EBFB}</UniqueIdentifier>
      <Extensions>h;hh;hpp;hxx;hm;inl;inc;xsd</Extensions>
    </Filter>
    <Filter Include="Resource Files">
      <UniqueIdentifier>{67DA6AB6-F800-4c08-8B7A-83BB121AAD01}</UniqueIdentifier>
      <Extensions>rc;ico;cur;bmp;dlg;rc2;rct;bin;rgs;gif;jpg;jpeg;jpe;resx;tiff;tif;png;wav;mfcribbon-ms</Extensions>
    </Filter>
    <Filter Include="Win32">
      <UniqueIdentifier>{a880a08c-16b8-4243-82ea-6bfc63bb7dab}</UniqueIdentifier>
    </Filter>
  </ItemGroup>
  <ItemGroup>
    <ClCompile Include="..\Identity.cpp">
      <Filter>Source Files</Filter>
    </ClCompile>
    <ClCompile Include="..\LeaseSet.cpp">
      <Filter>Source Files</Filter>
    </ClCompile>
    <ClCompile Include="..\Log.cpp">
      <Filter>Source Files</Filter>
    </ClCompile>
    <ClCompile Include="..\NetDb.cpp">
      <Filter>Source Files</Filter>
    </ClCompile>
    <ClCompile Include="..\NTCPSession.cpp">
      <Filter>Source Files</Filter>
    </ClCompile>
    <ClCompile Include="..\RouterContext.cpp">
      <Filter>Source Files</Filter>
    </ClCompile>
    <ClCompile Include="..\RouterInfo.cpp">
      <Filter>Source Files</Filter>
    </ClCompile>
    <ClCompile Include="..\Streaming.cpp">
      <Filter>Source Files</Filter>
    </ClCompile>
    <ClCompile Include="..\TransitTunnel.cpp">
      <Filter>Source Files</Filter>
    </ClCompile>
    <ClCompile Include="..\Transports.cpp">
      <Filter>Source Files</Filter>
    </ClCompile>
    <ClCompile Include="..\Tunnel.cpp">
      <Filter>Source Files</Filter>
    </ClCompile>
    <ClCompile Include="..\TunnelEndpoint.cpp">
      <Filter>Source Files</Filter>
    </ClCompile>
    <ClCompile Include="..\TunnelGateway.cpp">
      <Filter>Source Files</Filter>
    </ClCompile>
    <ClCompile Include="..\base64.cpp">
      <Filter>Source Files</Filter>
    </ClCompile>
    <ClCompile Include="..\Garlic.cpp">
      <Filter>Source Files</Filter>
    </ClCompile>
    <ClCompile Include="..\HTTPServer.cpp">
      <Filter>Source Files</Filter>
    </ClCompile>
    <ClCompile Include="..\I2NPProtocol.cpp">
      <Filter>Source Files</Filter>
    </ClCompile>
    <ClCompile Include="..\i2p.cpp">
      <Filter>Source Files</Filter>
    </ClCompile>
    <ClCompile Include="..\I2PEndian.cpp">
      <Filter>Source Files</Filter>
    </ClCompile>
    <ClCompile Include="..\SOCKS.cpp">
      <Filter>Source Files</Filter>
    </ClCompile>
    <ClCompile Include="..\SSU.cpp">
      <Filter>Source Files</Filter>
    </ClCompile>
    <ClCompile Include="..\util.cpp">
      <Filter>Source Files</Filter>
    </ClCompile>
    <ClCompile Include="..\Reseed.cpp">
      <Filter>Source Files</Filter>
    </ClCompile>
    <ClCompile Include="..\UPnP.cpp">
      <Filter>Source Files</Filter>
    </ClCompile>
    <ClCompile Include="..\HTTPProxy.cpp">
      <Filter>Source Files</Filter>
    </ClCompile>
    <ClCompile Include="..\TunnelPool.cpp">
      <Filter>Source Files</Filter>
    </ClCompile>
    <ClCompile Include="..\AddressBook.cpp">
      <Filter>Source Files</Filter>
    </ClCompile>
    <ClCompile Include="Win32Service.cpp">
      <Filter>Win32</Filter>
    </ClCompile>
    <ClCompile Include="..\Daemon.cpp">
      <Filter>Source Files</Filter>
    </ClCompile>
    <ClCompile Include="..\DaemonWin32.cpp">
      <Filter>Source Files</Filter>
    </ClCompile>
    <ClCompile Include="..\SSUData.cpp">
      <Filter>Source Files</Filter>
    </ClCompile>
    <ClCompile Include="..\CryptoConst.cpp">
      <Filter>Source Files</Filter>
    </ClCompile>
    <ClCompile Include="..\aes.cpp">
      <Filter>Source Files</Filter>
    </ClCompile>
  </ItemGroup>
  <ItemGroup>
    <ClInclude Include="..\Identity.h">
      <Filter>Header Files</Filter>
    </ClInclude>
    <ClInclude Include="..\LeaseSet.h">
      <Filter>Header Files</Filter>
    </ClInclude>
    <ClInclude Include="..\LittleBigEndian.h">
      <Filter>Header Files</Filter>
    </ClInclude>
    <ClInclude Include="..\Log.h">
      <Filter>Header Files</Filter>
    </ClInclude>
    <ClInclude Include="..\NetDb.h">
      <Filter>Header Files</Filter>
    </ClInclude>
    <ClInclude Include="..\NTCPSession.h">
      <Filter>Header Files</Filter>
    </ClInclude>
    <ClInclude Include="..\Queue.h">
      <Filter>Header Files</Filter>
    </ClInclude>
    <ClInclude Include="..\RouterContext.h">
      <Filter>Header Files</Filter>
    </ClInclude>
    <ClInclude Include="..\RouterInfo.h">
      <Filter>Header Files</Filter>
    </ClInclude>
    <ClInclude Include="..\Streaming.h">
      <Filter>Header Files</Filter>
    </ClInclude>
    <ClInclude Include="..\Timestamp.h">
      <Filter>Header Files</Filter>
    </ClInclude>
    <ClInclude Include="..\TransitTunnel.h">
      <Filter>Header Files</Filter>
    </ClInclude>
    <ClInclude Include="..\Transports.h">
      <Filter>Header Files</Filter>
    </ClInclude>
    <ClInclude Include="..\Tunnel.h">
      <Filter>Header Files</Filter>
    </ClInclude>
    <ClInclude Include="..\TunnelBase.h">
      <Filter>Header Files</Filter>
    </ClInclude>
    <ClInclude Include="..\TunnelConfig.h">
      <Filter>Header Files</Filter>
    </ClInclude>
    <ClInclude Include="..\TunnelEndpoint.h">
      <Filter>Header Files</Filter>
    </ClInclude>
    <ClInclude Include="..\TunnelGateway.h">
      <Filter>Header Files</Filter>
    </ClInclude>
    <ClInclude Include="..\base64.h">
      <Filter>Header Files</Filter>
    </ClInclude>
    <ClInclude Include="..\CryptoConst.h">
      <Filter>Header Files</Filter>
    </ClInclude>
    <ClInclude Include="..\ElGamal.h">
      <Filter>Header Files</Filter>
    </ClInclude>
    <ClInclude Include="..\Garlic.h">
      <Filter>Header Files</Filter>
    </ClInclude>
    <ClInclude Include="..\HTTPServer.h">
      <Filter>Header Files</Filter>
    </ClInclude>
    <ClInclude Include="..\I2NPProtocol.h">
      <Filter>Header Files</Filter>
    </ClInclude>
    <ClInclude Include="..\I2PEndian.h">
      <Filter>Header Files</Filter>
    </ClInclude>
    <ClInclude Include="..\SOCKS.h">
      <Filter>Header Files</Filter>
    </ClInclude>
    <ClInclude Include="..\SSU.h">
      <Filter>Header Files</Filter>
    </ClInclude>
    <ClInclude Include="..\util.h">
      <Filter>Header Files</Filter>
    </ClInclude>
    <ClInclude Include="..\Reseed.h">
      <Filter>Header Files</Filter>
    </ClInclude>
    <ClInclude Include="..\UPnP.h">
      <Filter>Header Files</Filter>
    </ClInclude>
    <ClInclude Include="..\HTTPProxy.h">
      <Filter>Header Files</Filter>
    </ClInclude>
    <ClInclude Include="..\TunnelPool.h">
      <Filter>Header Files</Filter>
    </ClInclude>
    <ClInclude Include="..\AddressBook.h">
      <Filter>Header Files</Filter>
    </ClInclude>
    <ClInclude Include="Win32Service.h">
      <Filter>Win32</Filter>
    </ClInclude>
    <ClInclude Include="..\Daemon.h">
      <Filter>Header Files</Filter>
    </ClInclude>
    <ClInclude Include="..\SSUData.h">
      <Filter>Header Files</Filter>
    </ClInclude>
  </ItemGroup>
</Project>
